
Microsoft Visual Studio Solution File, Format Version 12.00
# Visual Studio Version 16
VisualStudioVersion = 16.0.28803.202
MinimumVisualStudioVersion = 10.0.40219.1
Project("{FAE04EC0-301F-11D3-BF4B-00C04F79EFBC}") = "CodeWarPractice", "CodeWarPractice\CodeWarPractice.csproj", "{DC703BD4-EFA5-4A1F-A2FC-B98FE220B3E6}"
EndProject
Project("{FAE04EC0-301F-11D3-BF4B-00C04F79EFBC}") = "CodeWarTest", "CodeWar\CodeWarTest.csproj", "{8D6593B3-5AA3-4E5F-8278-14B40EE49310}"
EndProject
Global
	GlobalSection(SolutionConfigurationPlatforms) = preSolution
		Debug|Any CPU = Debug|Any CPU
		Release|Any CPU = Release|Any CPU
	EndGlobalSection
	GlobalSection(ProjectConfigurationPlatforms) = postSolution
		{DC703BD4-EFA5-4A1F-A2FC-B98FE220B3E6}.Debug|Any CPU.ActiveCfg = Debug|Any CPU
		{DC703BD4-EFA5-4A1F-A2FC-B98FE220B3E6}.Debug|Any CPU.Build.0 = Debug|Any CPU
		{DC703BD4-EFA5-4A1F-A2FC-B98FE220B3E6}.Release|Any CPU.ActiveCfg = Release|Any CPU
		{DC703BD4-EFA5-4A1F-A2FC-B98FE220B3E6}.Release|Any CPU.Build.0 = Release|Any CPU
		{8D6593B3-5AA3-4E5F-8278-14B40EE49310}.Debug|Any CPU.ActiveCfg = Debug|Any CPU
		{8D6593B3-5AA3-4E5F-8278-14B40EE49310}.Debug|Any CPU.Build.0 = Debug|Any CPU
		{8D6593B3-5AA3-4E5F-8278-14B40EE49310}.Release|Any CPU.ActiveCfg = Release|Any CPU
		{8D6593B3-5AA3-4E5F-8278-14B40EE49310}.Release|Any CPU.Build.0 = Release|Any CPU
	EndGlobalSection
	GlobalSection(SolutionProperties) = preSolution
		HideSolutionNode = FALSE
	EndGlobalSection
	GlobalSection(ExtensibilityGlobals) = postSolution
		SolutionGuid = {368B095F-0D99-4CEC-A5C9-08138EA414FA}
	EndGlobalSection
EndGlobal
